
Microsoft Visual Studio Solution File, Format Version 12.00
# Visual Studio 15
VisualStudioVersion = 15.0.27130.2036
MinimumVisualStudioVersion = 10.0.40219.1
Project("{FAE04EC0-301F-11D3-BF4B-00C04F79EFBC}") = "WebAPI", "WebAPITask\WebAPI.csproj", "{6F89FB5D-8FCC-4540-9FDB-D6908922CFD0}"
EndProject
Project("{FAE04EC0-301F-11D3-BF4B-00C04F79EFBC}") = "DAL", "DAL\DAL.csproj", "{1DA8D2E6-2A9C-4DF3-B4E4-F80D61F1F8B8}"
EndProject
Global
	GlobalSection(SolutionConfigurationPlatforms) = preSolution
		Debug|Any CPU = Debug|Any CPU
		Release|Any CPU = Release|Any CPU
	EndGlobalSection
	GlobalSection(ProjectConfigurationPlatforms) = postSolution
		{6F89FB5D-8FCC-4540-9FDB-D6908922CFD0}.Debug|Any CPU.ActiveCfg = Debug|Any CPU
		{6F89FB5D-8FCC-4540-9FDB-D6908922CFD0}.Debug|Any CPU.Build.0 = Debug|Any CPU
		{6F89FB5D-8FCC-4540-9FDB-D6908922CFD0}.Release|Any CPU.ActiveCfg = Release|Any CPU
		{6F89FB5D-8FCC-4540-9FDB-D6908922CFD0}.Release|Any CPU.Build.0 = Release|Any CPU
		{1DA8D2E6-2A9C-4DF3-B4E4-F80D61F1F8B8}.Debug|Any CPU.ActiveCfg = Debug|Any CPU
		{1DA8D2E6-2A9C-4DF3-B4E4-F80D61F1F8B8}.Debug|Any CPU.Build.0 = Debug|Any CPU
		{1DA8D2E6-2A9C-4DF3-B4E4-F80D61F1F8B8}.Release|Any CPU.ActiveCfg = Release|Any CPU
		{1DA8D2E6-2A9C-4DF3-B4E4-F80D61F1F8B8}.Release|Any CPU.Build.0 = Release|Any CPU
	EndGlobalSection
	GlobalSection(SolutionProperties) = preSolution
		HideSolutionNode = FALSE
	EndGlobalSection
	GlobalSection(ExtensibilityGlobals) = postSolution
		SolutionGuid = {4D0C9BEC-0A19-4A5E-B3F2-225E40B84433}
	EndGlobalSection
EndGlobal
